
Microsoft Visual Studio Solution File, Format Version 12.00
# Visual Studio 15
VisualStudioVersion = 15.0.26124.0
MinimumVisualStudioVersion = 15.0.26124.0
Project("{2150E333-8FDC-42A3-9474-1A3956D46DE8}") = "src", "src", "{D0805E94-F944-4D80-867A-1F98A2728E66}"
EndProject
Project("{6EC3EE1D-3C4E-46DD-8F32-0CC8E7565705}") = "Continuo.Orchestration", "src\Continuo.Orchestration\Continuo.Orchestration.fsproj", "{AA71EBF7-BB2F-4C02-8F34-58B91EA44B08}"
EndProject
Project("{2150E333-8FDC-42A3-9474-1A3956D46DE8}") = "test", "test", "{CB4E0F25-08C3-479A-BD68-DA23C9456F03}"
EndProject
Project("{F2A71F9B-5D33-465A-A702-920D77279786}") = "Continuo.Orchestration.Tests", "test\Continuo.Orchestration.Tests\Continuo.Orchestration.Tests.fsproj", "{24FF8B75-2B06-4BC2-8872-B60FC23A64ED}"
EndProject
Global
	GlobalSection(SolutionConfigurationPlatforms) = preSolution
		Debug|Any CPU = Debug|Any CPU
		Debug|x64 = Debug|x64
		Debug|x86 = Debug|x86
		Release|Any CPU = Release|Any CPU
		Release|x64 = Release|x64
		Release|x86 = Release|x86
	EndGlobalSection
	GlobalSection(SolutionProperties) = preSolution
		HideSolutionNode = FALSE
	EndGlobalSection
	GlobalSection(ProjectConfigurationPlatforms) = postSolution
		{AA71EBF7-BB2F-4C02-8F34-58B91EA44B08}.Debug|Any CPU.ActiveCfg = Debug|Any CPU
		{AA71EBF7-BB2F-4C02-8F34-58B91EA44B08}.Debug|Any CPU.Build.0 = Debug|Any CPU
		{AA71EBF7-BB2F-4C02-8F34-58B91EA44B08}.Debug|x64.ActiveCfg = Debug|x64
		{AA71EBF7-BB2F-4C02-8F34-58B91EA44B08}.Debug|x64.Build.0 = Debug|x64
		{AA71EBF7-BB2F-4C02-8F34-58B91EA44B08}.Debug|x86.ActiveCfg = Debug|x86
		{AA71EBF7-BB2F-4C02-8F34-58B91EA44B08}.Debug|x86.Build.0 = Debug|x86
		{AA71EBF7-BB2F-4C02-8F34-58B91EA44B08}.Release|Any CPU.ActiveCfg = Release|Any CPU
		{AA71EBF7-BB2F-4C02-8F34-58B91EA44B08}.Release|Any CPU.Build.0 = Release|Any CPU
		{AA71EBF7-BB2F-4C02-8F34-58B91EA44B08}.Release|x64.ActiveCfg = Release|x64
		{AA71EBF7-BB2F-4C02-8F34-58B91EA44B08}.Release|x64.Build.0 = Release|x64
		{AA71EBF7-BB2F-4C02-8F34-58B91EA44B08}.Release|x86.ActiveCfg = Release|x86
		{AA71EBF7-BB2F-4C02-8F34-58B91EA44B08}.Release|x86.Build.0 = Release|x86
		{24FF8B75-2B06-4BC2-8872-B60FC23A64ED}.Debug|Any CPU.ActiveCfg = Debug|Any CPU
		{24FF8B75-2B06-4BC2-8872-B60FC23A64ED}.Debug|Any CPU.Build.0 = Debug|Any CPU
		{24FF8B75-2B06-4BC2-8872-B60FC23A64ED}.Debug|x64.ActiveCfg = Debug|x64
		{24FF8B75-2B06-4BC2-8872-B60FC23A64ED}.Debug|x64.Build.0 = Debug|x64
		{24FF8B75-2B06-4BC2-8872-B60FC23A64ED}.Debug|x86.ActiveCfg = Debug|x86
		{24FF8B75-2B06-4BC2-8872-B60FC23A64ED}.Debug|x86.Build.0 = Debug|x86
		{24FF8B75-2B06-4BC2-8872-B60FC23A64ED}.Release|Any CPU.ActiveCfg = Release|Any CPU
		{24FF8B75-2B06-4BC2-8872-B60FC23A64ED}.Release|Any CPU.Build.0 = Release|Any CPU
		{24FF8B75-2B06-4BC2-8872-B60FC23A64ED}.Release|x64.ActiveCfg = Release|x64
		{24FF8B75-2B06-4BC2-8872-B60FC23A64ED}.Release|x64.Build.0 = Release|x64
		{24FF8B75-2B06-4BC2-8872-B60FC23A64ED}.Release|x86.ActiveCfg = Release|x86
		{24FF8B75-2B06-4BC2-8872-B60FC23A64ED}.Release|x86.Build.0 = Release|x86
	EndGlobalSection
	GlobalSection(NestedProjects) = preSolution
		{AA71EBF7-BB2F-4C02-8F34-58B91EA44B08} = {D0805E94-F944-4D80-867A-1F98A2728E66}
		{24FF8B75-2B06-4BC2-8872-B60FC23A64ED} = {CB4E0F25-08C3-479A-BD68-DA23C9456F03}
	EndGlobalSection
EndGlobal
